
Microsoft Visual Studio Solution File, Format Version 11.00
# Visual Studio 2010
Project("{FAE04EC0-301F-11D3-BF4B-00C04F79EFBC}") = "PSpaceStatusChanger", "PSpaceStatusChanger\PSpaceStatusChanger.csproj", "{E3CA99D4-35D8-4016-BB01-8182AFD3C6ED}"
EndProject
Global
	GlobalSection(SolutionConfigurationPlatforms) = preSolution
		Debug|x86 = Debug|x86
		Release|x86 = Release|x86
	EndGlobalSection
	GlobalSection(ProjectConfigurationPlatforms) = postSolution
		{E3CA99D4-35D8-4016-BB01-8182AFD3C6ED}.Debug|x86.ActiveCfg = Debug|x86
		{E3CA99D4-35D8-4016-BB01-8182AFD3C6ED}.Debug|x86.Build.0 = Debug|x86
		{E3CA99D4-35D8-4016-BB01-8182AFD3C6ED}.Release|x86.ActiveCfg = Release|x86
		{E3CA99D4-35D8-4016-BB01-8182AFD3C6ED}.Release|x86.Build.0 = Release|x86
	EndGlobalSection
	GlobalSection(SolutionProperties) = preSolution
		HideSolutionNode = FALSE
	EndGlobalSection
EndGlobal
